// !$*UTF8*$!
{
	archiveVersion = 1;
	classes = {
	};
	objectVersion = 46;
	objects = {

/* Begin PBXBuildFile section */
		CB5BC68819DA50FC003F1A31 /* AppDelegate.swift in Sources */ = {isa = PBXBuildFile; fileRef = CB5BC68719DA50FC003F1A31 /* AppDelegate.swift */; };
		CB5BC68A19DA50FC003F1A31 /* ViewController.swift in Sources */ = {isa = PBXBuildFile; fileRef = CB5BC68919DA50FC003F1A31 /* ViewController.swift */; };
		CB5BC68D19DA50FC003F1A31 /* Main.storyboard in Resources */ = {isa = PBXBuildFile; fileRef = CB5BC68B19DA50FC003F1A31 /* Main.storyboard */; };
		CB5BC68F19DA50FC003F1A31 /* Images.xcassets in Resources */ = {isa = PBXBuildFile; fileRef = CB5BC68E19DA50FC003F1A31 /* Images.xcassets */; };
		CB5BC69219DA50FC003F1A31 /* LaunchScreen.xib in Resources */ = {isa = PBXBuildFile; fileRef = CB5BC69019DA50FC003F1A31 /* LaunchScreen.xib */; };
		CB5BC69E19DA50FC003F1A31 /* shinStopWatchTests.swift in Sources */ = {isa = PBXBuildFile; fileRef = CB5BC69D19DA50FC003F1A31 /* shinStopWatchTests.swift */; };
/* End PBXBuildFile section */

/* Begin PBXContainerItemProxy section */
		CB5BC69819DA50FC003F1A31 /* PBXContainerItemProxy */ = {
			isa = PBXContainerItemProxy;
			containerPortal = CB5BC67A19DA50FC003F1A31 /* Project object */;
			proxyType = 1;
			remoteGlobalIDString = CB5BC68119DA50FC003F1A31;
			remoteInfo = shinStopWatch;
		};
/* End PBXContainerItemProxy section */

/* Begin PBXFileReference section */
		CB5BC68219DA50FC003F1A31 /* shinStopWatch.app */ = {isa = PBXFileReference; explicitFileType = wrapper.application; includeInIndex = 0; path = shinStopWatch.app; sourceTree = BUILT_PRODUCTS_DIR; };
		CB5BC68619DA50FC003F1A31 /* Info.plist */ = {isa = PBXFileReference; lastKnownFileType = text.plist.xml; path = Info.plist; sourceTree = "<group>"; };
		CB5BC68719DA50FC003F1A31 /* AppDelegate.swift */ = {isa = PBXFileReference; lastKnownFileType = sourcecode.swift; path = AppDelegate.swift; sourceTree = "<group>"; };
		CB5BC68919DA50FC003F1A31 /* ViewController.swift */ = {isa = PBXFileReference; lastKnownFileType = sourcecode.swift; path = ViewController.swift; sourceTree = "<group>"; };
		CB5BC68C19DA50FC003F1A31 /* Base */ = {isa = PBXFileReference; lastKnownFileType = file.storyboard; name = Base; path = Base.lproj/Main.storyboard; sourceTree = "<group>"; };
		CB5BC68E19DA50FC003F1A31 /* Images.xcassets */ = {isa = PBXFileReference; lastKnownFileType = folder.assetcatalog; path = Images.xcassets; sourceTree = "<group>"; };
		CB5BC69119DA50FC003F1A31 /* Base */ = {isa = PBXFileReference; lastKnownFileType = file.xib; name = Base; path = Base.lproj/LaunchScreen.xib; sourceTree = "<group>"; };
		CB5BC69719DA50FC003F1A31 /* shinStopWatchTests.xctest */ = {isa = PBXFileReference; explicitFileType = wrapper.cfbundle; includeInIndex = 0; path = shinStopWatchTests.xctest; sourceTree = BUILT_PRODUCTS_DIR; };
		CB5BC69C19DA50FC003F1A31 /* Info.plist */ = {isa = PBXFileReference; lastKnownFileType = text.plist.xml; path = Info.plist; sourceTree = "<group>"; };
		CB5BC69D19DA50FC003F1A31 /* shinStopWatchTests.swift */ = {isa = PBXFileReference; lastKnownFileType = sourcecode.swift; path = shinStopWatchTests.swift; sourceTree = "<group>"; };
/* End PBXFileReference section */

/* Begin PBXFrameworksBuildPhase section */
		CB5BC67F19DA50FC003F1A31 /* Frameworks */ = {
			isa = PBXFrameworksBuildPhase;
			buildActionMask = 2147483647;
			files = (
			);
			runOnlyForDeploymentPostprocessing = 0;
		};
		CB5BC69419DA50FC003F1A31 /* Frameworks */ = {
			isa = PBXFrameworksBuildPhase;
			buildActionMask = 2147483647;
			files = (
			);
			runOnlyForDeploymentPostprocessing = 0;
		};
/* End PBXFrameworksBuildPhase section */

/* Begin PBXGroup section */
		CB5BC67919DA50FC003F1A31 = {
			isa = PBXGroup;
			children = (
				CB5BC68419DA50FC003F1A31 /* shinStopWatch */,
				CB5BC69A19DA50FC003F1A31 /* shinStopWatchTests */,
				CB5BC68319DA50FC003F1A31 /* Products */,
			);
			sourceTree = "<group>";
		};
		CB5BC68319DA50FC003F1A31 /* Products */ = {
			isa = PBXGroup;
			children = (
				CB5BC68219DA50FC003F1A31 /* shinStopWatch.app */,
				CB5BC69719DA50FC003F1A31 /* shinStopWatchTests.xctest */,
			);
			name = Products;
			sourceTree = "<group>";
		};
		CB5BC68419DA50FC003F1A31 /* shinStopWatch */ = {
			isa = PBXGroup;
			children = (
				CB5BC68719DA50FC003F1A31 /* AppDelegate.swift */,
				CB5BC68919DA50FC003F1A31 /* ViewController.swift */,
				CB5BC68B19DA50FC003F1A31 /* Main.storyboard */,
				CB5BC68E19DA50FC003F1A31 /* Images.xcassets */,
				CB5BC69019DA50FC003F1A31 /* LaunchScreen.xib */,
				CB5BC68519DA50FC003F1A31 /* Supporting Files */,
			);
			path = shinStopWatch;
			sourceTree = "<group>";
		};
		CB5BC68519DA50FC003F1A31 /* Supporting Files */ = {
			isa = PBXGroup;
			children = (
				CB5BC68619DA50FC003F1A31 /* Info.plist */,
			);
			name = "Supporting Files";
			sourceTree = "<group>";
		};
		CB5BC69A19DA50FC003F1A31 /* shinStopWatchTests */ = {
			isa = PBXGroup;
			children = (
				CB5BC69D19DA50FC003F1A31 /* shinStopWatchTests.swift */,
				CB5BC69B19DA50FC003F1A31 /* Supporting Files */,
			);
			path = shinStopWatchTests;
			sourceTree = "<group>";
		};
		CB5BC69B19DA50FC003F1A31 /* Supporting Files */ = {
			isa = PBXGroup;
			children = (
				CB5BC69C19DA50FC003F1A31 /* Info.plist */,
			);
			name = "Supporting Files";
			sourceTree = "<group>";
		};
/* End PBXGroup section */

/* Begin PBXNativeTarget section */
		CB5BC68119DA50FC003F1A31 /* shinStopWatch */ = {
			isa = PBXNativeTarget;
			buildConfigurationList = CB5BC6A119DA50FC003F1A31 /* Build configuration list for PBXNativeTarget "shinStopWatch" */;
			buildPhases = (
				CB5BC67E19DA50FC003F1A31 /* Sources */,
				CB5BC67F19DA50FC003F1A31 /* Frameworks */,
				CB5BC68019DA50FC003F1A31 /* Resources */,
			);
			buildRules = (
			);
			dependencies = (
			);
			name = shinStopWatch;
			productName = shinStopWatch;
			productReference = CB5BC68219DA50FC003F1A31 /* shinStopWatch.app */;
			productType = "com.apple.product-type.application";
		};
		CB5BC69619DA50FC003F1A31 /* shinStopWatchTests */ = {
			isa = PBXNativeTarget;
			buildConfigurationList = CB5BC6A419DA50FC003F1A31 /* Build configuration list for PBXNativeTarget "shinStopWatchTests" */;
			buildPhases = (
				CB5BC69319DA50FC003F1A31 /* Sources */,
				CB5BC69419DA50FC003F1A31 /* Frameworks */,
				CB5BC69519DA50FC003F1A31 /* Resources */,
			);
			buildRules = (
			);
			dependencies = (
				CB5BC69919DA50FC003F1A31 /* PBXTargetDependency */,
			);
			name = shinStopWatchTests;
			productName = shinStopWatchTests;
			productReference = CB5BC69719DA50FC003F1A31 /* shinStopWatchTests.xctest */;
			productType = "com.apple.product-type.bundle.unit-test";
		};
/* End PBXNativeTarget section */

/* Begin PBXProject section */
		CB5BC67A19DA50FC003F1A31 /* Project object */ = {
			isa = PBXProject;
			attributes = {
				LastUpgradeCheck = 0600;
				ORGANIZATIONNAME = David;
				TargetAttributes = {
					CB5BC68119DA50FC003F1A31 = {
						CreatedOnToolsVersion = 6.0.1;
					};
					CB5BC69619DA50FC003F1A31 = {
						CreatedOnToolsVersion = 6.0.1;
						TestTargetID = CB5BC68119DA50FC003F1A31;
					};
				};
			};
			buildConfigurationList = CB5BC67D19DA50FC003F1A31 /* Build configuration list for PBXProject "shinStopWatch" */;
			compatibilityVersion = "Xcode 3.2";
			developmentRegion = English;
			hasScannedForEncodings = 0;
			knownRegions = (
				en,
				Base,
			);
			mainGroup = CB5BC67919DA50FC003F1A31;
			productRefGroup = CB5BC68319DA50FC003F1A31 /* Products */;
			projectDirPath = "";
			projectRoot = "";
			targets = (
				CB5BC68119DA50FC003F1A31 /* shinStopWatch */,
				CB5BC69619DA50FC003F1A31 /* shinStopWatchTests */,
			);
		};
/* End PBXProject section */

/* Begin PBXResourcesBuildPhase section */
		CB5BC68019DA50FC003F1A31 /* Resources */ = {
			isa = PBXResourcesBuildPhase;
			buildActionMask = 2147483647;
			files = (
				CB5BC68D19DA50FC003F1A31 /* Main.storyboard in Resources */,
				CB5BC69219DA50FC003F1A31 /* LaunchScreen.xib in Resources */,
				CB5BC68F19DA50FC003F1A31 /* Images.xcassets in Resources */,
			);
			runOnlyForDeploymentPostprocessing = 0;
		};
		CB5BC69519DA50FC003F1A31 /* Resources */ = {
			isa = PBXResourcesBuildPhase;
			buildActionMask = 2147483647;
			files = (
			);
			runOnlyForDeploymentPostprocessing = 0;
		};
/* End PBXResourcesBuildPhase section */

/* Begin PBXSourcesBuildPhase section */
		CB5BC67E19DA50FC003F1A31 /* Sources */ = {
			isa = PBXSourcesBuildPhase;
			buildActionMask = 2147483647;
			files = (
				CB5BC68A19DA50FC003F1A31 /* ViewController.swift in Sources */,
				CB5BC68819DA50FC003F1A31 /* AppDelegate.swift in Sources */,
			);
			runOnlyForDeploymentPostprocessing = 0;
		};
		CB5BC69319DA50FC003F1A31 /* Sources */ = {
			isa = PBXSourcesBuildPhase;
			buildActionMask = 2147483647;
			files = (
				CB5BC69E19DA50FC003F1A31 /* shinStopWatchTests.swift in Sources */,
			);
			runOnlyForDeploymentPostprocessing = 0;
		};
/* End PBXSourcesBuildPhase section */

/* Begin PBXTargetDependency section */
		CB5BC69919DA50FC003F1A31 /* PBXTargetDependency */ = {
			isa = PBXTargetDependency;
			target = CB5BC68119DA50FC003F1A31 /* shinStopWatch */;
			targetProxy = CB5BC69819DA50FC003F1A31 /* PBXContainerItemProxy */;
		};
/* End PBXTargetDependency section */

/* Begin PBXVariantGroup section */
		CB5BC68B19DA50FC003F1A31 /* Main.storyboard */ = {
			isa = PBXVariantGroup;
			children = (
				CB5BC68C19DA50FC003F1A31 /* Base */,
			);
			name = Main.storyboard;
			sourceTree = "<group>";
		};
		CB5BC69019DA50FC003F1A31 /* LaunchScreen.xib */ = {
			isa = PBXVariantGroup;
			children = (
				CB5BC69119DA50FC003F1A31 /* Base */,
			);
			name = LaunchScreen.xib;
			sourceTree = "<group>";
		};
/* End PBXVariantGroup section */

/* Begin XCBuildConfiguration section */
		CB5BC69F19DA50FC003F1A31 /* Debug */ = {
			isa = XCBuildConfiguration;
			buildSettings = {
				ALWAYS_SEARCH_USER_PATHS = NO;
				CLANG_CXX_LANGUAGE_STANDARD = "gnu++0x";
				CLANG_CXX_LIBRARY = "libc++";
				CLANG_ENABLE_MODULES = YES;
				CLANG_ENABLE_OBJC_ARC = YES;
				CLANG_WARN_BOOL_CONVERSION = YES;
				CLANG_WARN_CONSTANT_CONVERSION = YES;
				CLANG_WARN_DIRECT_OBJC_ISA_USAGE = YES_ERROR;
				CLANG_WARN_EMPTY_BODY = YES;
				CLANG_WARN_ENUM_CONVERSION = YES;
				CLANG_WARN_INT_CONVERSION = YES;
				CLANG_WARN_OBJC_ROOT_CLASS = YES_ERROR;
				CLANG_WARN_UNREACHABLE_CODE = YES;
				CLANG_WARN__DUPLICATE_METHOD_MATCH = YES;
				"CODE_SIGN_IDENTITY[sdk=iphoneos*]" = "iPhone Developer";
				COPY_PHASE_STRIP = NO;
				ENABLE_STRICT_OBJC_MSGSEND = YES;
				GCC_C_LANGUAGE_STANDARD = gnu99;
				GCC_DYNAMIC_NO_PIC = NO;
				GCC_OPTIMIZATION_LEVEL = 0;
				GCC_PREPROCESSOR_DEFINITIONS = (
					"DEBUG=1",
					"$(inherited)",
				);
				GCC_SYMBOLS_PRIVATE_EXTERN = NO;
				GCC_WARN_64_TO_32_BIT_CONVERSION = YES;
				GCC_WARN_ABOUT_RETURN_TYPE = YES_ERROR;
				GCC_WARN_UNDECLARED_SELECTOR = YES;
				GCC_WARN_UNINITIALIZED_AUTOS = YES_AGGRESSIVE;
				GCC_WARN_UNUSED_FUNCTION = YES;
				GCC_WARN_UNUSED_VARIABLE = YES;
				IPHONEOS_DEPLOYMENT_TARGET = 8.0;
				MTL_ENABLE_DEBUG_INFO = YES;
				ONLY_ACTIVE_ARCH = YES;
				SDKROOT = iphoneos;
				SWIFT_OPTIMIZATION_LEVEL = "-Onone";
				TARGETED_DEVICE_FAMILY = "1,2";
			};
			name = Debug;
		};
		CB5BC6A019DA50FC003F1A31 /* Release */ = {
			isa = XCBuildConfiguration;
			buildSettings = {
				ALWAYS_SEARCH_USER_PATHS = NO;
				CLANG_CXX_LANGUAGE_STANDARD = "gnu++0x";
				CLANG_CXX_LIBRARY = "libc++";
				CLANG_ENABLE_MODULES = YES;
				CLANG_ENABLE_OBJC_ARC = YES;
				CLANG_WARN_BOOL_CONVERSION = YES;
				CLANG_WARN_CONSTANT_CONVERSION = YES;
				CLANG_WARN_DIRECT_OBJC_ISA_USAGE = YES_ERROR;
				CLANG_WARN_EMPTY_BODY = YES;
				CLANG_WARN_ENUM_CONVERSION = YES;
				CLANG_WARN_INT_CONVERSION = YES;
				CLANG_WARN_OBJC_ROOT_CLASS = YES_ERROR;
				CLANG_WARN_UNREACHABLE_CODE = YES;
				CLANG_WARN__DUPLICATE_METHOD_MATCH = YES;
				"CODE_SIGN_IDENTITY[sdk=iphoneos*]" = "iPhone Developer";
				COPY_PHASE_STRIP = YES;
				ENABLE_NS_ASSERTIONS = NO;
				ENABLE_STRICT_OBJC_MSGSEND = YES;
				GCC_C_LANGUAGE_STANDARD = gnu99;
				GCC_WARN_64_TO_32_BIT_CONVERSION = YES;
				GCC_WARN_ABOUT_RETURN_TYPE = YES_ERROR;
				GCC_WARN_UNDECLARED_SELECTOR = YES;
				GCC_WARN_UNINITIALIZED_AUTOS = YES_AGGRESSIVE;
				GCC_WARN_UNUSED_FUNCTION = YES;
				GCC_WARN_UNUSED_VARIABLE = YES;
				IPHONEOS_DEPLOYMENT_TARGET = 8.0;
				MTL_ENABLE_DEBUG_INFO = NO;
				SDKROOT = iphoneos;
				TARGETED_DEVICE_FAMILY = "1,2";
				VALIDATE_PRODUCT = YES;
			};
			name = Release;
		};
		CB5BC6A219DA50FC003F1A31 /* Debug */ = {
			isa = XCBuildConfiguration;
			buildSettings = {
				ASSETCATALOG_COMPILER_APPICON_NAME = AppIcon;
				INFOPLIST_FILE = shinStopWatch/Info.plist;
				LD_RUNPATH_SEARCH_PATHS = "$(inherited) @executable_path/Frameworks";
				PRODUCT_NAME = "$(TARGET_NAME)";
			};
			name = Debug;
		};
		CB5BC6A319DA50FC003F1A31 /* Release */ = {
			isa = XCBuildConfiguration;
			buildSettings = {
				ASSETCATALOG_COMPILER_APPICON_NAME = AppIcon;
				INFOPLIST_FILE = shinStopWatch/Info.plist;
				LD_RUNPATH_SEARCH_PATHS = "$(inherited) @executable_path/Frameworks";
				PRODUCT_NAME = "$(TARGET_NAME)";
			};
			name = Release;
		};
		CB5BC6A519DA50FC003F1A31 /* Debug */ = {
			isa = XCBuildConfiguration;
			buildSettings = {
				BUNDLE_LOADER = "$(TEST_HOST)";
				FRAMEWORK_SEARCH_PATHS = (
					"$(SDKROOT)/Developer/Library/Frameworks",
					"$(inherited)",
				);
				GCC_PREPROCESSOR_DEFINITIONS = (
					"DEBUG=1",
					"$(inherited)",
				);
				INFOPLIST_FILE = shinStopWatchTests/Info.plist;
				LD_RUNPATH_SEARCH_PATHS = "$(inherited) @executable_path/Frameworks @loader_path/Frameworks";
				PRODUCT_NAME = "$(TARGET_NAME)";
				TEST_HOST = "$(BUILT_PRODUCTS_DIR)/shinStopWatch.app/shinStopWatch";
			};
			name = Debug;
		};
		CB5BC6A619DA50FC003F1A31 /* Release */ = {
			isa = XCBuildConfiguration;
			buildSettings = {
				BUNDLE_LOADER = "$(TEST_HOST)";
				FRAMEWORK_SEARCH_PATHS = (
					"$(SDKROOT)/Developer/Library/Frameworks",
					"$(inherited)",
				);
				INFOPLIST_FILE = shinStopWatchTests/Info.plist;
				LD_RUNPATH_SEARCH_PATHS = "$(inherited) @executable_path/Frameworks @loader_path/Frameworks";
				PRODUCT_NAME = "$(TARGET_NAME)";
				TEST_HOST = "$(BUILT_PRODUCTS_DIR)/shinStopWatch.app/shinStopWatch";
			};
			name = Release;
		};
/* End XCBuildConfiguration section */

/* Begin XCConfigurationList section */
		CB5BC67D19DA50FC003F1A31 /* Build configuration list for PBXProject "shinStopWatch" */ = {
			isa = XCConfigurationList;
			buildConfigurations = (
				CB5BC69F19DA50FC003F1A31 /* Debug */,
				CB5BC6A019DA50FC003F1A31 /* Release */,
			);
			defaultConfigurationIsVisible = 0;
			defaultConfigurationName = Release;
		};
		CB5BC6A119DA50FC003F1A31 /* Build configuration list for PBXNativeTarget "shinStopWatch" */ = {
			isa = XCConfigurationList;
			buildConfigurations = (
				CB5BC6A219DA50FC003F1A31 /* Debug */,
				CB5BC6A319DA50FC003F1A31 /* Release */,
			);
			defaultConfigurationIsVisible = 0;
		};
		CB5BC6A419DA50FC003F1A31 /* Build configuration list for PBXNativeTarget "shinStopWatchTests" */ = {
			isa = XCConfigurationList;
			buildConfigurations = (
				CB5BC6A519DA50FC003F1A31 /* Debug */,
				CB5BC6A619DA50FC003F1A31 /* Release */,
			);
			defaultConfigurationIsVisible = 0;
		};
/* End XCConfigurationList section */
	};
	rootObject = CB5BC67A19DA50FC003F1A31 /* Project object */;
}
